# THIS IS AN AUTOGENERATED FILE. DO NOT EDIT THIS FILE DIRECTLY.
# yarn lockfile v1


"@faker-js/faker@^8.4.0":
  "integrity" "sha512-XQ3cU+Q8Uqmrbf2e0cIC/QN43sTBSC8KF12u29Mb47tWrt2hAgBXSgpZMj4Ao8Uk0iJcU99QsOCaIL8934obCg=="
  "resolved" "https://registry.npmjs.org/@faker-js/faker/-/faker-8.4.1.tgz"
  "version" "8.4.1"

"@types/node@^25.6.0":
  "integrity" "sha512-+qIYRKdNYJwY3vRCZMdJbPLJAtGjQBudzZzdzwQYkEPQd+PJGixUL5QfvCLDaULoLv+RhT3LDkwEfKaAkgSmNQ=="
  "resolved" "https://registry.npmjs.org/@types/node/-/node-25.6.0.tgz"
  "version" "25.6.0"
  dependencies:
    "undici-types" "~7.19.0"

"commander@^12.0.0":
  "integrity" "sha512-Vw8qHK3bZM9y/P10u3Vib8o/DdkvA2OtPtZvD871QKjy74Wj1WSKFILMPRPSdUSx5RFK1arlJzEtA4PkFgnbuA=="
  "resolved" "https://registry.npmjs.org/commander/-/commander-12.1.0.tgz"
  "version" "12.1.0"

"esbuild@~0.25.0", "esbuild@0.25.11":
  "integrity" "sha512-KohQwyzrKTQmhXDW1PjCv3Tyspn9n5GcY2RTDqeORIdIJY8yKIF7sTSopFmn/wpMPW4rdPXI0UE5LJLuq3bx0Q=="
  "resolved" "https://registry.npmjs.org/esbuild/-/esbuild-0.25.11.tgz"
  "version" "0.25.11"
  optionalDependencies:
    "@esbuild/aix-ppc64" "0.25.11"
    "@esbuild/android-arm" "0.25.11"
    "@esbuild/android-arm64" "0.25.11"
    "@esbuild/android-x64" "0.25.11"
    "@esbuild/darwin-arm64" "0.25.11"
    "@esbuild/darwin-x64" "0.25.11"
    "@esbuild/freebsd-arm64" "0.25.11"
    "@esbuild/freebsd-x64" "0.25.11"
    "@esbuild/linux-arm" "0.25.11"
    "@esbuild/linux-arm64" "0.25.11"
    "@esbuild/linux-ia32" "0.25.11"
    "@esbuild/linux-loong64" "0.25.11"
    "@esbuild/linux-mips64el" "0.25.11"
    "@esbuild/linux-ppc64" "0.25.11"
    "@esbuild/linux-riscv64" "0.25.11"
    "@esbuild/linux-s390x" "0.25.11"
    "@esbuild/linux-x64" "0.25.11"
    "@esbuild/netbsd-arm64" "0.25.11"
    "@esbuild/netbsd-x64" "0.25.11"
    "@esbuild/openbsd-arm64" "0.25.11"
    "@esbuild/openbsd-x64" "0.25.11"
    "@esbuild/openharmony-arm64" "0.25.11"
    "@esbuild/sunos-x64" "0.25.11"
    "@esbuild/win32-arm64" "0.25.11"
    "@esbuild/win32-ia32" "0.25.11"
    "@esbuild/win32-x64" "0.25.11"

"fsevents@~2.3.3":
  "integrity" "sha512-5xoDfX+fL7faATnagmWPpbFtwh/R77WmMMqqHGS65C3vvB0YHrgF+B1YmZ3441tMj5n63k0212XNoJwzlhffQw=="
  "resolved" "https://registry.npmjs.org/fsevents/-/fsevents-2.3.3.tgz"
  "version" "2.3.3"

"get-tsconfig@^4.7.5":
  "integrity" "sha512-yTb+8DXzDREzgvYmh6s9vHsSVCHeC0G3PI5bEXNBHtmshPnO+S5O7qgLEOn0I5QvMy6kpZN8K1NKGyilLb93wA=="
  "resolved" "https://registry.npmjs.org/get-tsconfig/-/get-tsconfig-4.14.0.tgz"
  "version" "4.14.0"
  dependencies:
    "resolve-pkg-maps" "^1.0.0"

"resolve-pkg-maps@^1.0.0":
  "integrity" "sha512-seS2Tj26TBVOC2NIc2rOe2y2ZO7efxITtLZcGSOnHHNOQ7CkiUBfw0Iw2ck6xkIhPwLhKNLS8BO+hEpngQlqzw=="
  "resolved" "https://registry.npmjs.org/resolve-pkg-maps/-/resolve-pkg-maps-1.0.0.tgz"
  "version" "1.0.0"

"tsx@~4.20.0":
  "integrity" "sha512-ytQKuwgmrrkDTFP4LjR0ToE2nqgy886GpvRSpU0JAnrdBYppuY5rLkRUYPU1yCryb24SsKBTL/hlDQAEFVwtZg=="
  "resolved" "https://registry.npmjs.org/tsx/-/tsx-4.20.6.tgz"
  "version" "4.20.6"
  dependencies:
    "esbuild" "~0.25.0"
    "get-tsconfig" "^4.7.5"
  optionalDependencies:
    "fsevents" "~2.3.3"

"typescript@^5.3.0":
  "integrity" "sha512-jl1vZzPDinLr9eUt3J/t7V6FgNEw9QjvBPdysz9KfQDD41fQrC2Y4vKQdiaUpFT4bXlb1RHhLpp8wtm6M5TgSw=="
  "resolved" "https://registry.npmjs.org/typescript/-/typescript-5.9.3.tgz"
  "version" "5.9.3"

"undici-types@~7.19.0":
  "integrity" "sha512-qYVnV5OEm2AW8cJMCpdV20CDyaN3g0AjDlOGf1OW4iaDEx8MwdtChUp4zu4H0VP3nDRF/8RKWH+IPp9uW0YGZg=="
  "resolved" "https://registry.npmjs.org/undici-types/-/undici-types-7.19.2.tgz"
  "version" "7.19.2"
